
Microsoft Visual Studio Solution File, Format Version 12.00
# Visual Studio Version 16
VisualStudioVersion = 16.0.28711.60
MinimumVisualStudioVersion = 10.0.40219.1
Project("{9A19103F-16F7-4668-BE54-9A1E7A4F7556}") = "Bronco.Common", "Bronco.Blazor.Common\Bronco.Common.csproj", "{2B8C00EE-7786-43B0-9131-14E1AC856BB6}"
EndProject
Project("{9A19103F-16F7-4668-BE54-9A1E7A4F7556}") = "Bronco.Blazor", "Bronco.Blazor\Bronco.Blazor.csproj", "{75555960-46C9-47AE-B8CB-1C99E66FAA30}"
EndProject
Project("{9A19103F-16F7-4668-BE54-9A1E7A4F7556}") = "Bronco", "Bronco\Bronco.csproj", "{B6D9B16C-076A-4E27-A8C2-B1361417A778}"
	ProjectSection(ProjectDependencies) = postProject
		{75555960-46C9-47AE-B8CB-1C99E66FAA30} = {75555960-46C9-47AE-B8CB-1C99E66FAA30}
	EndProjectSection
EndProject
Project("{FAE04EC0-301F-11D3-BF4B-00C04F79EFBC}") = "Bronco.Android", "Bronco.Android\Bronco.Android.csproj", "{987AB3C7-D8F3-4280-9ACA-BD8F5A6209B4}"
EndProject
Project("{FAE04EC0-301F-11D3-BF4B-00C04F79EFBC}") = "Bronco.iOS", "Bronco.iOS\Bronco.iOS.csproj", "{07FC69FA-69E9-47F1-B060-9DA0732F2A87}"
EndProject
Project("{9A19103F-16F7-4668-BE54-9A1E7A4F7556}") = "Bronco.Blazor.Server", "Bronco.Blazor.Server\Bronco.Blazor.Server.csproj", "{0983C5EA-163E-4B14-86A7-BD154861FBA7}"
EndProject
Project("{FAE04EC0-301F-11D3-BF4B-00C04F79EFBC}") = "Bronco.UWP", "Bronco.UWP\Bronco.UWP.csproj", "{3398D68F-DCE3-4B8A-BD93-F4C99944653C}"
EndProject
Project("{9A19103F-16F7-4668-BE54-9A1E7A4F7556}") = "Bronco.Desktop", "Bronco.Desktop\Bronco.Desktop.csproj", "{1EC15F4F-26E7-4763-88AC-55BA4A3AF2E4}"
EndProject
Project("{9A19103F-16F7-4668-BE54-9A1E7A4F7556}") = "Bronco.AppPackage", "Bronco.AppPackage\Bronco.AppPackage.csproj", "{9AF52774-24B2-445F-84C0-9846BCAD7246}"
	ProjectSection(ProjectDependencies) = postProject
		{75555960-46C9-47AE-B8CB-1C99E66FAA30} = {75555960-46C9-47AE-B8CB-1C99E66FAA30}
	EndProjectSection
EndProject
Global
	GlobalSection(SolutionConfigurationPlatforms) = preSolution
		Ad-Hoc|Any CPU = Ad-Hoc|Any CPU
		Ad-Hoc|ARM = Ad-Hoc|ARM
		Ad-Hoc|iPhone = Ad-Hoc|iPhone
		Ad-Hoc|iPhoneSimulator = Ad-Hoc|iPhoneSimulator
		Ad-Hoc|x64 = Ad-Hoc|x64
		Ad-Hoc|x86 = Ad-Hoc|x86
		AppStore|Any CPU = AppStore|Any CPU
		AppStore|ARM = AppStore|ARM
		AppStore|iPhone = AppStore|iPhone
		AppStore|iPhoneSimulator = AppStore|iPhoneSimulator
		AppStore|x64 = AppStore|x64
		AppStore|x86 = AppStore|x86
		Debug|Any CPU = Debug|Any CPU
		Debug|ARM = Debug|ARM
		Debug|iPhone = Debug|iPhone
		Debug|iPhoneSimulator = Debug|iPhoneSimulator
		Debug|x64 = Debug|x64
		Debug|x86 = Debug|x86
		Release|Any CPU = Release|Any CPU
		Release|ARM = Release|ARM
		Release|iPhone = Release|iPhone
		Release|iPhoneSimulator = Release|iPhoneSimulator
		Release|x64 = Release|x64
		Release|x86 = Release|x86
	EndGlobalSection
	GlobalSection(ProjectConfigurationPlatforms) = postSolution
		{2B8C00EE-7786-43B0-9131-14E1AC856BB6}.Ad-Hoc|Any CPU.ActiveCfg = Debug|Any CPU
		{2B8C00EE-7786-43B0-9131-14E1AC856BB6}.Ad-Hoc|Any CPU.Build.0 = Debug|Any CPU
		{2B8C00EE-7786-43B0-9131-14E1AC856BB6}.Ad-Hoc|ARM.ActiveCfg = Release|Any CPU
		{2B8C00EE-7786-43B0-9131-14E1AC856BB6}.Ad-Hoc|ARM.Build.0 = Release|Any CPU
		{2B8C00EE-7786-43B0-9131-14E1AC856BB6}.Ad-Hoc|iPhone.ActiveCfg = Debug|Any CPU
		{2B8C00EE-7786-43B0-9131-14E1AC856BB6}.Ad-Hoc|iPhone.Build.0 = Debug|Any CPU
		{2B8C00EE-7786-43B0-9131-14E1AC856BB6}.Ad-Hoc|iPhoneSimulator.ActiveCfg = Debug|Any CPU
		{2B8C00EE-7786-43B0-9131-14E1AC856BB6}.Ad-Hoc|iPhoneSimulator.Build.0 = Debug|Any CPU
		{2B8C00EE-7786-43B0-9131-14E1AC856BB6}.Ad-Hoc|x64.ActiveCfg = Release|Any CPU
		{2B8C00EE-7786-43B0-9131-14E1AC856BB6}.Ad-Hoc|x64.Build.0 = Release|Any CPU
		{2B8C00EE-7786-43B0-9131-14E1AC856BB6}.Ad-Hoc|x86.ActiveCfg = Release|Any CPU
		{2B8C00EE-7786-43B0-9131-14E1AC856BB6}.Ad-Hoc|x86.Build.0 = Release|Any CPU
		{2B8C00EE-7786-43B0-9131-14E1AC856BB6}.AppStore|Any CPU.ActiveCfg = Debug|Any CPU
		{2B8C00EE-7786-43B0-9131-14E1AC856BB6}.AppStore|Any CPU.Build.0 = Debug|Any CPU
		{2B8C00EE-7786-43B0-9131-14E1AC856BB6}.AppStore|ARM.ActiveCfg = Release|Any CPU
		{2B8C00EE-7786-43B0-9131-14E1AC856BB6}.AppStore|ARM.Build.0 = Release|Any CPU
		{2B8C00EE-7786-43B0-9131-14E1AC856BB6}.AppStore|iPhone.ActiveCfg = Debug|Any CPU
		{2B8C00EE-7786-43B0-9131-14E1AC856BB6}.AppStore|iPhone.Build.0 = Debug|Any CPU
		{2B8C00EE-7786-43B0-9131-14E1AC856BB6}.AppStore|iPhoneSimulator.ActiveCfg = Debug|Any CPU
		{2B8C00EE-7786-43B0-9131-14E1AC856BB6}.AppStore|iPhoneSimulator.Build.0 = Debug|Any CPU
		{2B8C00EE-7786-43B0-9131-14E1AC856BB6}.AppStore|x64.ActiveCfg = Release|Any CPU
		{2B8C00EE-7786-43B0-9131-14E1AC856BB6}.AppStore|x64.Build.0 = Release|Any CPU
		{2B8C00EE-7786-43B0-9131-14E1AC856BB6}.AppStore|x86.ActiveCfg = Release|Any CPU
		{2B8C00EE-7786-43B0-9131-14E1AC856BB6}.AppStore|x86.Build.0 = Release|Any CPU
		{2B8C00EE-7786-43B0-9131-14E1AC856BB6}.Debug|Any CPU.ActiveCfg = Debug|Any CPU
		{2B8C00EE-7786-43B0-9131-14E1AC856BB6}.Debug|Any CPU.Build.0 = Debug|Any CPU
		{2B8C00EE-7786-43B0-9131-14E1AC856BB6}.Debug|ARM.ActiveCfg = Debug|Any CPU
		{2B8C00EE-7786-43B0-9131-14E1AC856BB6}.Debug|ARM.Build.0 = Debug|Any CPU
		{2B8C00EE-7786-43B0-9131-14E1AC856BB6}.Debug|iPhone.ActiveCfg = Debug|Any CPU
		{2B8C00EE-7786-43B0-9131-14E1AC856BB6}.Debug|iPhone.Build.0 = Debug|Any CPU
		{2B8C00EE-7786-43B0-9131-14E1AC856BB6}.Debug|iPhoneSimulator.ActiveCfg = Debug|Any CPU
		{2B8C00EE-7786-43B0-9131-14E1AC856BB6}.Debug|iPhoneSimulator.Build.0 = Debug|Any CPU
		{2B8C00EE-7786-43B0-9131-14E1AC856BB6}.Debug|x64.ActiveCfg = Debug|Any CPU
		{2B8C00EE-7786-43B0-9131-14E1AC856BB6}.Debug|x64.Build.0 = Debug|Any CPU
		{2B8C00EE-7786-43B0-9131-14E1AC856BB6}.Debug|x86.ActiveCfg = Debug|Any CPU
		{2B8C00EE-7786-43B0-9131-14E1AC856BB6}.Debug|x86.Build.0 = Debug|Any CPU
		{2B8C00EE-7786-43B0-9131-14E1AC856BB6}.Release|Any CPU.ActiveCfg = Release|Any CPU
		{2B8C00EE-7786-43B0-9131-14E1AC856BB6}.Release|Any CPU.Build.0 = Release|Any CPU
		{2B8C00EE-7786-43B0-9131-14E1AC856BB6}.Release|ARM.ActiveCfg = Release|Any CPU
		{2B8C00EE-7786-43B0-9131-14E1AC856BB6}.Release|ARM.Build.0 = Release|Any CPU
		{2B8C00EE-7786-43B0-9131-14E1AC856BB6}.Release|iPhone.ActiveCfg = Release|Any CPU
		{2B8C00EE-7786-43B0-9131-14E1AC856BB6}.Release|iPhone.Build.0 = Release|Any CPU
		{2B8C00EE-7786-43B0-9131-14E1AC856BB6}.Release|iPhoneSimulator.ActiveCfg = Release|Any CPU
		{2B8C00EE-7786-43B0-9131-14E1AC856BB6}.Release|iPhoneSimulator.Build.0 = Release|Any CPU
		{2B8C00EE-7786-43B0-9131-14E1AC856BB6}.Release|x64.ActiveCfg = Release|Any CPU
		{2B8C00EE-7786-43B0-9131-14E1AC856BB6}.Release|x64.Build.0 = Release|Any CPU
		{2B8C00EE-7786-43B0-9131-14E1AC856BB6}.Release|x86.ActiveCfg = Release|Any CPU
		{2B8C00EE-7786-43B0-9131-14E1AC856BB6}.Release|x86.Build.0 = Release|Any CPU
		{75555960-46C9-47AE-B8CB-1C99E66FAA30}.Ad-Hoc|Any CPU.ActiveCfg = Debug|Any CPU
		{75555960-46C9-47AE-B8CB-1C99E66FAA30}.Ad-Hoc|Any CPU.Build.0 = Debug|Any CPU
		{75555960-46C9-47AE-B8CB-1C99E66FAA30}.Ad-Hoc|ARM.ActiveCfg = Release|Any CPU
		{75555960-46C9-47AE-B8CB-1C99E66FAA30}.Ad-Hoc|ARM.Build.0 = Release|Any CPU
		{75555960-46C9-47AE-B8CB-1C99E66FAA30}.Ad-Hoc|iPhone.ActiveCfg = Debug|Any CPU
		{75555960-46C9-47AE-B8CB-1C99E66FAA30}.Ad-Hoc|iPhone.Build.0 = Debug|Any CPU
		{75555960-46C9-47AE-B8CB-1C99E66FAA30}.Ad-Hoc|iPhoneSimulator.ActiveCfg = Debug|Any CPU
		{75555960-46C9-47AE-B8CB-1C99E66FAA30}.Ad-Hoc|iPhoneSimulator.Build.0 = Debug|Any CPU
		{75555960-46C9-47AE-B8CB-1C99E66FAA30}.Ad-Hoc|x64.ActiveCfg = Release|Any CPU
		{75555960-46C9-47AE-B8CB-1C99E66FAA30}.Ad-Hoc|x64.Build.0 = Release|Any CPU
		{75555960-46C9-47AE-B8CB-1C99E66FAA30}.Ad-Hoc|x86.ActiveCfg = Release|Any CPU
		{75555960-46C9-47AE-B8CB-1C99E66FAA30}.Ad-Hoc|x86.Build.0 = Release|Any CPU
		{75555960-46C9-47AE-B8CB-1C99E66FAA30}.AppStore|Any CPU.ActiveCfg = Debug|Any CPU
		{75555960-46C9-47AE-B8CB-1C99E66FAA30}.AppStore|Any CPU.Build.0 = Debug|Any CPU
		{75555960-46C9-47AE-B8CB-1C99E66FAA30}.AppStore|ARM.ActiveCfg = Release|Any CPU
		{75555960-46C9-47AE-B8CB-1C99E66FAA30}.AppStore|ARM.Build.0 = Release|Any CPU
		{75555960-46C9-47AE-B8CB-1C99E66FAA30}.AppStore|iPhone.ActiveCfg = Debug|Any CPU
		{75555960-46C9-47AE-B8CB-1C99E66FAA30}.AppStore|iPhone.Build.0 = Debug|Any CPU
		{75555960-46C9-47AE-B8CB-1C99E66FAA30}.AppStore|iPhoneSimulator.ActiveCfg = Debug|Any CPU
		{75555960-46C9-47AE-B8CB-1C99E66FAA30}.AppStore|iPhoneSimulator.Build.0 = Debug|Any CPU
		{75555960-46C9-47AE-B8CB-1C99E66FAA30}.AppStore|x64.ActiveCfg = Release|Any CPU
		{75555960-46C9-47AE-B8CB-1C99E66FAA30}.AppStore|x64.Build.0 = Release|Any CPU
		{75555960-46C9-47AE-B8CB-1C99E66FAA30}.AppStore|x86.ActiveCfg = Release|Any CPU
		{75555960-46C9-47AE-B8CB-1C99E66FAA30}.AppStore|x86.Build.0 = Release|Any CPU
		{75555960-46C9-47AE-B8CB-1C99E66FAA30}.Debug|Any CPU.ActiveCfg = Debug|Any CPU
		{75555960-46C9-47AE-B8CB-1C99E66FAA30}.Debug|Any CPU.Build.0 = Debug|Any CPU
		{75555960-46C9-47AE-B8CB-1C99E66FAA30}.Debug|ARM.ActiveCfg = Debug|Any CPU
		{75555960-46C9-47AE-B8CB-1C99E66FAA30}.Debug|ARM.Build.0 = Debug|Any CPU
		{75555960-46C9-47AE-B8CB-1C99E66FAA30}.Debug|iPhone.ActiveCfg = Debug|Any CPU
		{75555960-46C9-47AE-B8CB-1C99E66FAA30}.Debug|iPhone.Build.0 = Debug|Any CPU
		{75555960-46C9-47AE-B8CB-1C99E66FAA30}.Debug|iPhoneSimulator.ActiveCfg = Debug|Any CPU
		{75555960-46C9-47AE-B8CB-1C99E66FAA30}.Debug|iPhoneSimulator.Build.0 = Debug|Any CPU
		{75555960-46C9-47AE-B8CB-1C99E66FAA30}.Debug|x64.ActiveCfg = Debug|Any CPU
		{75555960-46C9-47AE-B8CB-1C99E66FAA30}.Debug|x64.Build.0 = Debug|Any CPU
		{75555960-46C9-47AE-B8CB-1C99E66FAA30}.Debug|x86.ActiveCfg = Debug|Any CPU
		{75555960-46C9-47AE-B8CB-1C99E66FAA30}.Debug|x86.Build.0 = Debug|Any CPU
		{75555960-46C9-47AE-B8CB-1C99E66FAA30}.Release|Any CPU.ActiveCfg = Release|Any CPU
		{75555960-46C9-47AE-B8CB-1C99E66FAA30}.Release|Any CPU.Build.0 = Release|Any CPU
		{75555960-46C9-47AE-B8CB-1C99E66FAA30}.Release|ARM.ActiveCfg = Release|Any CPU
		{75555960-46C9-47AE-B8CB-1C99E66FAA30}.Release|ARM.Build.0 = Release|Any CPU
		{75555960-46C9-47AE-B8CB-1C99E66FAA30}.Release|iPhone.ActiveCfg = Release|Any CPU
		{75555960-46C9-47AE-B8CB-1C99E66FAA30}.Release|iPhone.Build.0 = Release|Any CPU
		{75555960-46C9-47AE-B8CB-1C99E66FAA30}.Release|iPhoneSimulator.ActiveCfg = Release|Any CPU
		{75555960-46C9-47AE-B8CB-1C99E66FAA30}.Release|iPhoneSimulator.Build.0 = Release|Any CPU
		{75555960-46C9-47AE-B8CB-1C99E66FAA30}.Release|x64.ActiveCfg = Release|Any CPU
		{75555960-46C9-47AE-B8CB-1C99E66FAA30}.Release|x64.Build.0 = Release|Any CPU
		{75555960-46C9-47AE-B8CB-1C99E66FAA30}.Release|x86.ActiveCfg = Release|Any CPU
		{75555960-46C9-47AE-B8CB-1C99E66FAA30}.Release|x86.Build.0 = Release|Any CPU
		{B6D9B16C-076A-4E27-A8C2-B1361417A778}.Ad-Hoc|Any CPU.ActiveCfg = Debug|Any CPU
		{B6D9B16C-076A-4E27-A8C2-B1361417A778}.Ad-Hoc|Any CPU.Build.0 = Debug|Any CPU
		{B6D9B16C-076A-4E27-A8C2-B1361417A778}.Ad-Hoc|ARM.ActiveCfg = Release|Any CPU
		{B6D9B16C-076A-4E27-A8C2-B1361417A778}.Ad-Hoc|ARM.Build.0 = Release|Any CPU
		{B6D9B16C-076A-4E27-A8C2-B1361417A778}.Ad-Hoc|iPhone.ActiveCfg = Debug|Any CPU
		{B6D9B16C-076A-4E27-A8C2-B1361417A778}.Ad-Hoc|iPhone.Build.0 = Debug|Any CPU
		{B6D9B16C-076A-4E27-A8C2-B1361417A778}.Ad-Hoc|iPhoneSimulator.ActiveCfg = Debug|Any CPU
		{B6D9B16C-076A-4E27-A8C2-B1361417A778}.Ad-Hoc|iPhoneSimulator.Build.0 = Debug|Any CPU
		{B6D9B16C-076A-4E27-A8C2-B1361417A778}.Ad-Hoc|x64.ActiveCfg = Release|Any CPU
		{B6D9B16C-076A-4E27-A8C2-B1361417A778}.Ad-Hoc|x64.Build.0 = Release|Any CPU
		{B6D9B16C-076A-4E27-A8C2-B1361417A778}.Ad-Hoc|x86.ActiveCfg = Release|Any CPU
		{B6D9B16C-076A-4E27-A8C2-B1361417A778}.Ad-Hoc|x86.Build.0 = Release|Any CPU
		{B6D9B16C-076A-4E27-A8C2-B1361417A778}.AppStore|Any CPU.ActiveCfg = Debug|Any CPU
		{B6D9B16C-076A-4E27-A8C2-B1361417A778}.AppStore|Any CPU.Build.0 = Debug|Any CPU
		{B6D9B16C-076A-4E27-A8C2-B1361417A778}.AppStore|ARM.ActiveCfg = Release|Any CPU
		{B6D9B16C-076A-4E27-A8C2-B1361417A778}.AppStore|ARM.Build.0 = Release|Any CPU
		{B6D9B16C-076A-4E27-A8C2-B1361417A778}.AppStore|iPhone.ActiveCfg = Debug|Any CPU
		{B6D9B16C-076A-4E27-A8C2-B1361417A778}.AppStore|iPhone.Build.0 = Debug|Any CPU
		{B6D9B16C-076A-4E27-A8C2-B1361417A778}.AppStore|iPhoneSimulator.ActiveCfg = Debug|Any CPU
		{B6D9B16C-076A-4E27-A8C2-B1361417A778}.AppStore|iPhoneSimulator.Build.0 = Debug|Any CPU
		{B6D9B16C-076A-4E27-A8C2-B1361417A778}.AppStore|x64.ActiveCfg = Release|Any CPU
		{B6D9B16C-076A-4E27-A8C2-B1361417A778}.AppStore|x64.Build.0 = Release|Any CPU
		{B6D9B16C-076A-4E27-A8C2-B1361417A778}.AppStore|x86.ActiveCfg = Release|Any CPU
		{B6D9B16C-076A-4E27-A8C2-B1361417A778}.AppStore|x86.Build.0 = Release|Any CPU
		{B6D9B16C-076A-4E27-A8C2-B1361417A778}.Debug|Any CPU.ActiveCfg = Debug|Any CPU
		{B6D9B16C-076A-4E27-A8C2-B1361417A778}.Debug|Any CPU.Build.0 = Debug|Any CPU
		{B6D9B16C-076A-4E27-A8C2-B1361417A778}.Debug|ARM.ActiveCfg = Debug|Any CPU
		{B6D9B16C-076A-4E27-A8C2-B1361417A778}.Debug|ARM.Build.0 = Debug|Any CPU
		{B6D9B16C-076A-4E27-A8C2-B1361417A778}.Debug|iPhone.ActiveCfg = Debug|Any CPU
		{B6D9B16C-076A-4E27-A8C2-B1361417A778}.Debug|iPhone.Build.0 = Debug|Any CPU
		{B6D9B16C-076A-4E27-A8C2-B1361417A778}.Debug|iPhoneSimulator.ActiveCfg = Debug|Any CPU
		{B6D9B16C-076A-4E27-A8C2-B1361417A778}.Debug|iPhoneSimulator.Build.0 = Debug|Any CPU
		{B6D9B16C-076A-4E27-A8C2-B1361417A778}.Debug|x64.ActiveCfg = Debug|Any CPU
		{B6D9B16C-076A-4E27-A8C2-B1361417A778}.Debug|x64.Build.0 = Debug|Any CPU
		{B6D9B16C-076A-4E27-A8C2-B1361417A778}.Debug|x86.ActiveCfg = Debug|Any CPU
		{B6D9B16C-076A-4E27-A8C2-B1361417A778}.Debug|x86.Build.0 = Debug|Any CPU
		{B6D9B16C-076A-4E27-A8C2-B1361417A778}.Release|Any CPU.ActiveCfg = Release|Any CPU
		{B6D9B16C-076A-4E27-A8C2-B1361417A778}.Release|Any CPU.Build.0 = Release|Any CPU
		{B6D9B16C-076A-4E27-A8C2-B1361417A778}.Release|ARM.ActiveCfg = Release|Any CPU
		{B6D9B16C-076A-4E27-A8C2-B1361417A778}.Release|ARM.Build.0 = Release|Any CPU
		{B6D9B16C-076A-4E27-A8C2-B1361417A778}.Release|iPhone.ActiveCfg = Release|Any CPU
		{B6D9B16C-076A-4E27-A8C2-B1361417A778}.Release|iPhone.Build.0 = Release|Any CPU
		{B6D9B16C-076A-4E27-A8C2-B1361417A778}.Release|iPhoneSimulator.ActiveCfg = Release|Any CPU
		{B6D9B16C-076A-4E27-A8C2-B1361417A778}.Release|iPhoneSimulator.Build.0 = Release|Any CPU
		{B6D9B16C-076A-4E27-A8C2-B1361417A778}.Release|x64.ActiveCfg = Release|Any CPU
		{B6D9B16C-076A-4E27-A8C2-B1361417A778}.Release|x64.Build.0 = Release|Any CPU
		{B6D9B16C-076A-4E27-A8C2-B1361417A778}.Release|x86.ActiveCfg = Release|Any CPU
		{B6D9B16C-076A-4E27-A8C2-B1361417A778}.Release|x86.Build.0 = Release|Any CPU
		{987AB3C7-D8F3-4280-9ACA-BD8F5A6209B4}.Ad-Hoc|Any CPU.ActiveCfg = Release|Any CPU
		{987AB3C7-D8F3-4280-9ACA-BD8F5A6209B4}.Ad-Hoc|Any CPU.Build.0 = Release|Any CPU
		{987AB3C7-D8F3-4280-9ACA-BD8F5A6209B4}.Ad-Hoc|Any CPU.Deploy.0 = Release|Any CPU
		{987AB3C7-D8F3-4280-9ACA-BD8F5A6209B4}.Ad-Hoc|ARM.ActiveCfg = Debug|Any CPU
		{987AB3C7-D8F3-4280-9ACA-BD8F5A6209B4}.Ad-Hoc|ARM.Build.0 = Debug|Any CPU
		{987AB3C7-D8F3-4280-9ACA-BD8F5A6209B4}.Ad-Hoc|ARM.Deploy.0 = Debug|Any CPU
		{987AB3C7-D8F3-4280-9ACA-BD8F5A6209B4}.Ad-Hoc|iPhone.ActiveCfg = Release|Any CPU
		{987AB3C7-D8F3-4280-9ACA-BD8F5A6209B4}.Ad-Hoc|iPhone.Build.0 = Release|Any CPU
		{987AB3C7-D8F3-4280-9ACA-BD8F5A6209B4}.Ad-Hoc|iPhone.Deploy.0 = Release|Any CPU
		{987AB3C7-D8F3-4280-9ACA-BD8F5A6209B4}.Ad-Hoc|iPhoneSimulator.ActiveCfg = Release|Any CPU
		{987AB3C7-D8F3-4280-9ACA-BD8F5A6209B4}.Ad-Hoc|iPhoneSimulator.Build.0 = Release|Any CPU
		{987AB3C7-D8F3-4280-9ACA-BD8F5A6209B4}.Ad-Hoc|iPhoneSimulator.Deploy.0 = Release|Any CPU
		{987AB3C7-D8F3-4280-9ACA-BD8F5A6209B4}.Ad-Hoc|x64.ActiveCfg = Debug|Any CPU
		{987AB3C7-D8F3-4280-9ACA-BD8F5A6209B4}.Ad-Hoc|x64.Build.0 = Debug|Any CPU
		{987AB3C7-D8F3-4280-9ACA-BD8F5A6209B4}.Ad-Hoc|x64.Deploy.0 = Debug|Any CPU
		{987AB3C7-D8F3-4280-9ACA-BD8F5A6209B4}.Ad-Hoc|x86.ActiveCfg = Debug|Any CPU
		{987AB3C7-D8F3-4280-9ACA-BD8F5A6209B4}.Ad-Hoc|x86.Build.0 = Debug|Any CPU
		{987AB3C7-D8F3-4280-9ACA-BD8F5A6209B4}.Ad-Hoc|x86.Deploy.0 = Debug|Any CPU
		{987AB3C7-D8F3-4280-9ACA-BD8F5A6209B4}.AppStore|Any CPU.ActiveCfg = Release|Any CPU
		{987AB3C7-D8F3-4280-9ACA-BD8F5A6209B4}.AppStore|Any CPU.Build.0 = Release|Any CPU
		{987AB3C7-D8F3-4280-9ACA-BD8F5A6209B4}.AppStore|Any CPU.Deploy.0 = Release|Any CPU
		{987AB3C7-D8F3-4280-9ACA-BD8F5A6209B4}.AppStore|ARM.ActiveCfg = Debug|Any CPU
		{987AB3C7-D8F3-4280-9ACA-BD8F5A6209B4}.AppStore|ARM.Build.0 = Debug|Any CPU
		{987AB3C7-D8F3-4280-9ACA-BD8F5A6209B4}.AppStore|ARM.Deploy.0 = Debug|Any CPU
		{987AB3C7-D8F3-4280-9ACA-BD8F5A6209B4}.AppStore|iPhone.ActiveCfg = Release|Any CPU
		{987AB3C7-D8F3-4280-9ACA-BD8F5A6209B4}.AppStore|iPhone.Build.0 = Release|Any CPU
		{987AB3C7-D8F3-4280-9ACA-BD8F5A6209B4}.AppStore|iPhone.Deploy.0 = Release|Any CPU
		{987AB3C7-D8F3-4280-9ACA-BD8F5A6209B4}.AppStore|iPhoneSimulator.ActiveCfg = Release|Any CPU
		{987AB3C7-D8F3-4280-9ACA-BD8F5A6209B4}.AppStore|iPhoneSimulator.Build.0 = Release|Any CPU
		{987AB3C7-D8F3-4280-9ACA-BD8F5A6209B4}.AppStore|iPhoneSimulator.Deploy.0 = Release|Any CPU
		{987AB3C7-D8F3-4280-9ACA-BD8F5A6209B4}.AppStore|x64.ActiveCfg = Debug|Any CPU
		{987AB3C7-D8F3-4280-9ACA-BD8F5A6209B4}.AppStore|x64.Build.0 = Debug|Any CPU
		{987AB3C7-D8F3-4280-9ACA-BD8F5A6209B4}.AppStore|x64.Deploy.0 = Debug|Any CPU
		{987AB3C7-D8F3-4280-9ACA-BD8F5A6209B4}.AppStore|x86.ActiveCfg = Debug|Any CPU
		{987AB3C7-D8F3-4280-9ACA-BD8F5A6209B4}.AppStore|x86.Build.0 = Debug|Any CPU
		{987AB3C7-D8F3-4280-9ACA-BD8F5A6209B4}.AppStore|x86.Deploy.0 = Debug|Any CPU
		{987AB3C7-D8F3-4280-9ACA-BD8F5A6209B4}.Debug|Any CPU.ActiveCfg = Debug|Any CPU
		{987AB3C7-D8F3-4280-9ACA-BD8F5A6209B4}.Debug|Any CPU.Build.0 = Debug|Any CPU
		{987AB3C7-D8F3-4280-9ACA-BD8F5A6209B4}.Debug|Any CPU.Deploy.0 = Debug|Any CPU
		{987AB3C7-D8F3-4280-9ACA-BD8F5A6209B4}.Debug|ARM.ActiveCfg = Debug|Any CPU
		{987AB3C7-D8F3-4280-9ACA-BD8F5A6209B4}.Debug|ARM.Build.0 = Debug|Any CPU
		{987AB3C7-D8F3-4280-9ACA-BD8F5A6209B4}.Debug|ARM.Deploy.0 = Debug|Any CPU
		{987AB3C7-D8F3-4280-9ACA-BD8F5A6209B4}.Debug|iPhone.ActiveCfg = Debug|Any CPU
		{987AB3C7-D8F3-4280-9ACA-BD8F5A6209B4}.Debug|iPhone.Build.0 = Debug|Any CPU
		{987AB3C7-D8F3-4280-9ACA-BD8F5A6209B4}.Debug|iPhone.Deploy.0 = Debug|Any CPU
		{987AB3C7-D8F3-4280-9ACA-BD8F5A6209B4}.Debug|iPhoneSimulator.ActiveCfg = Debug|Any CPU
		{987AB3C7-D8F3-4280-9ACA-BD8F5A6209B4}.Debug|iPhoneSimulator.Build.0 = Debug|Any CPU
		{987AB3C7-D8F3-4280-9ACA-BD8F5A6209B4}.Debug|iPhoneSimulator.Deploy.0 = Debug|Any CPU
		{987AB3C7-D8F3-4280-9ACA-BD8F5A6209B4}.Debug|x64.ActiveCfg = Debug|Any CPU
		{987AB3C7-D8F3-4280-9ACA-BD8F5A6209B4}.Debug|x64.Build.0 = Debug|Any CPU
		{987AB3C7-D8F3-4280-9ACA-BD8F5A6209B4}.Debug|x64.Deploy.0 = Debug|Any CPU
		{987AB3C7-D8F3-4280-9ACA-BD8F5A6209B4}.Debug|x86.ActiveCfg = Debug|Any CPU
		{987AB3C7-D8F3-4280-9ACA-BD8F5A6209B4}.Debug|x86.Build.0 = Debug|Any CPU
		{987AB3C7-D8F3-4280-9ACA-BD8F5A6209B4}.Debug|x86.Deploy.0 = Debug|Any CPU
		{987AB3C7-D8F3-4280-9ACA-BD8F5A6209B4}.Release|Any CPU.ActiveCfg = Release|Any CPU
		{987AB3C7-D8F3-4280-9ACA-BD8F5A6209B4}.Release|Any CPU.Build.0 = Release|Any CPU
		{987AB3C7-D8F3-4280-9ACA-BD8F5A6209B4}.Release|Any CPU.Deploy.0 = Release|Any CPU
		{987AB3C7-D8F3-4280-9ACA-BD8F5A6209B4}.Release|ARM.ActiveCfg = Release|Any CPU
		{987AB3C7-D8F3-4280-9ACA-BD8F5A6209B4}.Release|ARM.Build.0 = Release|Any CPU
		{987AB3C7-D8F3-4280-9ACA-BD8F5A6209B4}.Release|ARM.Deploy.0 = Release|Any CPU
		{987AB3C7-D8F3-4280-9ACA-BD8F5A6209B4}.Release|iPhone.ActiveCfg = Release|Any CPU
		{987AB3C7-D8F3-4280-9ACA-BD8F5A6209B4}.Release|iPhone.Build.0 = Release|Any CPU
		{987AB3C7-D8F3-4280-9ACA-BD8F5A6209B4}.Release|iPhone.Deploy.0 = Release|Any CPU
		{987AB3C7-D8F3-4280-9ACA-BD8F5A6209B4}.Release|iPhoneSimulator.ActiveCfg = Release|Any CPU
		{987AB3C7-D8F3-4280-9ACA-BD8F5A6209B4}.Release|iPhoneSimulator.Build.0 = Release|Any CPU
		{987AB3C7-D8F3-4280-9ACA-BD8F5A6209B4}.Release|iPhoneSimulator.Deploy.0 = Release|Any CPU
		{987AB3C7-D8F3-4280-9ACA-BD8F5A6209B4}.Release|x64.ActiveCfg = Release|Any CPU
		{987AB3C7-D8F3-4280-9ACA-BD8F5A6209B4}.Release|x64.Build.0 = Release|Any CPU
		{987AB3C7-D8F3-4280-9ACA-BD8F5A6209B4}.Release|x64.Deploy.0 = Release|Any CPU
		{987AB3C7-D8F3-4280-9ACA-BD8F5A6209B4}.Release|x86.ActiveCfg = Release|Any CPU
		{987AB3C7-D8F3-4280-9ACA-BD8F5A6209B4}.Release|x86.Build.0 = Release|Any CPU
		{987AB3C7-D8F3-4280-9ACA-BD8F5A6209B4}.Release|x86.Deploy.0 = Release|Any CPU
		{07FC69FA-69E9-47F1-B060-9DA0732F2A87}.Ad-Hoc|Any CPU.ActiveCfg = Ad-Hoc|iPhone
		{07FC69FA-69E9-47F1-B060-9DA0732F2A87}.Ad-Hoc|ARM.ActiveCfg = Ad-Hoc|iPhoneSimulator
		{07FC69FA-69E9-47F1-B060-9DA0732F2A87}.Ad-Hoc|iPhone.ActiveCfg = Ad-Hoc|iPhone
		{07FC69FA-69E9-47F1-B060-9DA0732F2A87}.Ad-Hoc|iPhone.Build.0 = Ad-Hoc|iPhone
		{07FC69FA-69E9-47F1-B060-9DA0732F2A87}.Ad-Hoc|iPhoneSimulator.ActiveCfg = Ad-Hoc|iPhoneSimulator
		{07FC69FA-69E9-47F1-B060-9DA0732F2A87}.Ad-Hoc|iPhoneSimulator.Build.0 = Ad-Hoc|iPhoneSimulator
		{07FC69FA-69E9-47F1-B060-9DA0732F2A87}.Ad-Hoc|x64.ActiveCfg = Ad-Hoc|iPhoneSimulator
		{07FC69FA-69E9-47F1-B060-9DA0732F2A87}.Ad-Hoc|x86.ActiveCfg = Ad-Hoc|iPhoneSimulator
		{07FC69FA-69E9-47F1-B060-9DA0732F2A87}.AppStore|Any CPU.ActiveCfg = AppStore|iPhone
		{07FC69FA-69E9-47F1-B060-9DA0732F2A87}.AppStore|ARM.ActiveCfg = AppStore|iPhoneSimulator
		{07FC69FA-69E9-47F1-B060-9DA0732F2A87}.AppStore|iPhone.ActiveCfg = AppStore|iPhone
		{07FC69FA-69E9-47F1-B060-9DA0732F2A87}.AppStore|iPhone.Build.0 = AppStore|iPhone
		{07FC69FA-69E9-47F1-B060-9DA0732F2A87}.AppStore|iPhoneSimulator.ActiveCfg = AppStore|iPhoneSimulator
		{07FC69FA-69E9-47F1-B060-9DA0732F2A87}.AppStore|iPhoneSimulator.Build.0 = AppStore|iPhoneSimulator
		{07FC69FA-69E9-47F1-B060-9DA0732F2A87}.AppStore|x64.ActiveCfg = AppStore|iPhoneSimulator
		{07FC69FA-69E9-47F1-B060-9DA0732F2A87}.AppStore|x86.ActiveCfg = AppStore|iPhoneSimulator
		{07FC69FA-69E9-47F1-B060-9DA0732F2A87}.Debug|Any CPU.ActiveCfg = Debug|iPhone
		{07FC69FA-69E9-47F1-B060-9DA0732F2A87}.Debug|ARM.ActiveCfg = Debug|iPhoneSimulator
		{07FC69FA-69E9-47F1-B060-9DA0732F2A87}.Debug|iPhone.ActiveCfg = Debug|iPhone
		{07FC69FA-69E9-47F1-B060-9DA0732F2A87}.Debug|iPhone.Build.0 = Debug|iPhone
		{07FC69FA-69E9-47F1-B060-9DA0732F2A87}.Debug|iPhoneSimulator.ActiveCfg = Debug|iPhoneSimulator
		{07FC69FA-69E9-47F1-B060-9DA0732F2A87}.Debug|iPhoneSimulator.Build.0 = Debug|iPhoneSimulator
		{07FC69FA-69E9-47F1-B060-9DA0732F2A87}.Debug|x64.ActiveCfg = Debug|iPhoneSimulator
		{07FC69FA-69E9-47F1-B060-9DA0732F2A87}.Debug|x86.ActiveCfg = Debug|iPhoneSimulator
		{07FC69FA-69E9-47F1-B060-9DA0732F2A87}.Release|Any CPU.ActiveCfg = Release|iPhone
		{07FC69FA-69E9-47F1-B060-9DA0732F2A87}.Release|ARM.ActiveCfg = Release|iPhoneSimulator
		{07FC69FA-69E9-47F1-B060-9DA0732F2A87}.Release|iPhone.ActiveCfg = Release|iPhone
		{07FC69FA-69E9-47F1-B060-9DA0732F2A87}.Release|iPhone.Build.0 = Release|iPhone
		{07FC69FA-69E9-47F1-B060-9DA0732F2A87}.Release|iPhoneSimulator.ActiveCfg = Release|iPhoneSimulator
		{07FC69FA-69E9-47F1-B060-9DA0732F2A87}.Release|iPhoneSimulator.Build.0 = Release|iPhoneSimulator
		{07FC69FA-69E9-47F1-B060-9DA0732F2A87}.Release|x64.ActiveCfg = Release|iPhoneSimulator
		{07FC69FA-69E9-47F1-B060-9DA0732F2A87}.Release|x86.ActiveCfg = Release|iPhoneSimulator
		{0983C5EA-163E-4B14-86A7-BD154861FBA7}.Ad-Hoc|Any CPU.ActiveCfg = Debug|Any CPU
		{0983C5EA-163E-4B14-86A7-BD154861FBA7}.Ad-Hoc|Any CPU.Build.0 = Debug|Any CPU
		{0983C5EA-163E-4B14-86A7-BD154861FBA7}.Ad-Hoc|ARM.ActiveCfg = Release|Any CPU
		{0983C5EA-163E-4B14-86A7-BD154861FBA7}.Ad-Hoc|ARM.Build.0 = Release|Any CPU
		{0983C5EA-163E-4B14-86A7-BD154861FBA7}.Ad-Hoc|iPhone.ActiveCfg = Debug|Any CPU
		{0983C5EA-163E-4B14-86A7-BD154861FBA7}.Ad-Hoc|iPhone.Build.0 = Debug|Any CPU
		{0983C5EA-163E-4B14-86A7-BD154861FBA7}.Ad-Hoc|iPhoneSimulator.ActiveCfg = Debug|Any CPU
		{0983C5EA-163E-4B14-86A7-BD154861FBA7}.Ad-Hoc|iPhoneSimulator.Build.0 = Debug|Any CPU
		{0983C5EA-163E-4B14-86A7-BD154861FBA7}.Ad-Hoc|x64.ActiveCfg = Release|Any CPU
		{0983C5EA-163E-4B14-86A7-BD154861FBA7}.Ad-Hoc|x64.Build.0 = Release|Any CPU
		{0983C5EA-163E-4B14-86A7-BD154861FBA7}.Ad-Hoc|x86.ActiveCfg = Release|Any CPU
		{0983C5EA-163E-4B14-86A7-BD154861FBA7}.Ad-Hoc|x86.Build.0 = Release|Any CPU
		{0983C5EA-163E-4B14-86A7-BD154861FBA7}.AppStore|Any CPU.ActiveCfg = Debug|Any CPU
		{0983C5EA-163E-4B14-86A7-BD154861FBA7}.AppStore|Any CPU.Build.0 = Debug|Any CPU
		{0983C5EA-163E-4B14-86A7-BD154861FBA7}.AppStore|ARM.ActiveCfg = Release|Any CPU
		{0983C5EA-163E-4B14-86A7-BD154861FBA7}.AppStore|ARM.Build.0 = Release|Any CPU
		{0983C5EA-163E-4B14-86A7-BD154861FBA7}.AppStore|iPhone.ActiveCfg = Debug|Any CPU
		{0983C5EA-163E-4B14-86A7-BD154861FBA7}.AppStore|iPhone.Build.0 = Debug|Any CPU
		{0983C5EA-163E-4B14-86A7-BD154861FBA7}.AppStore|iPhoneSimulator.ActiveCfg = Debug|Any CPU
		{0983C5EA-163E-4B14-86A7-BD154861FBA7}.AppStore|iPhoneSimulator.Build.0 = Debug|Any CPU
		{0983C5EA-163E-4B14-86A7-BD154861FBA7}.AppStore|x64.ActiveCfg = Release|Any CPU
		{0983C5EA-163E-4B14-86A7-BD154861FBA7}.AppStore|x64.Build.0 = Release|Any CPU
		{0983C5EA-163E-4B14-86A7-BD154861FBA7}.AppStore|x86.ActiveCfg = Release|Any CPU
		{0983C5EA-163E-4B14-86A7-BD154861FBA7}.AppStore|x86.Build.0 = Release|Any CPU
		{0983C5EA-163E-4B14-86A7-BD154861FBA7}.Debug|Any CPU.ActiveCfg = Debug|Any CPU
		{0983C5EA-163E-4B14-86A7-BD154861FBA7}.Debug|Any CPU.Build.0 = Debug|Any CPU
		{0983C5EA-163E-4B14-86A7-BD154861FBA7}.Debug|ARM.ActiveCfg = Debug|Any CPU
		{0983C5EA-163E-4B14-86A7-BD154861FBA7}.Debug|ARM.Build.0 = Debug|Any CPU
		{0983C5EA-163E-4B14-86A7-BD154861FBA7}.Debug|iPhone.ActiveCfg = Debug|Any CPU
		{0983C5EA-163E-4B14-86A7-BD154861FBA7}.Debug|iPhone.Build.0 = Debug|Any CPU
		{0983C5EA-163E-4B14-86A7-BD154861FBA7}.Debug|iPhoneSimulator.ActiveCfg = Debug|Any CPU
		{0983C5EA-163E-4B14-86A7-BD154861FBA7}.Debug|iPhoneSimulator.Build.0 = Debug|Any CPU
		{0983C5EA-163E-4B14-86A7-BD154861FBA7}.Debug|x64.ActiveCfg = Debug|Any CPU
		{0983C5EA-163E-4B14-86A7-BD154861FBA7}.Debug|x64.Build.0 = Debug|Any CPU
		{0983C5EA-163E-4B14-86A7-BD154861FBA7}.Debug|x86.ActiveCfg = Debug|Any CPU
		{0983C5EA-163E-4B14-86A7-BD154861FBA7}.Debug|x86.Build.0 = Debug|Any CPU
		{0983C5EA-163E-4B14-86A7-BD154861FBA7}.Release|Any CPU.ActiveCfg = Release|Any CPU
		{0983C5EA-163E-4B14-86A7-BD154861FBA7}.Release|Any CPU.Build.0 = Release|Any CPU
		{0983C5EA-163E-4B14-86A7-BD154861FBA7}.Release|ARM.ActiveCfg = Release|Any CPU
		{0983C5EA-163E-4B14-86A7-BD154861FBA7}.Release|ARM.Build.0 = Release|Any CPU
		{0983C5EA-163E-4B14-86A7-BD154861FBA7}.Release|iPhone.ActiveCfg = Release|Any CPU
		{0983C5EA-163E-4B14-86A7-BD154861FBA7}.Release|iPhone.Build.0 = Release|Any CPU
		{0983C5EA-163E-4B14-86A7-BD154861FBA7}.Release|iPhoneSimulator.ActiveCfg = Release|Any CPU
		{0983C5EA-163E-4B14-86A7-BD154861FBA7}.Release|iPhoneSimulator.Build.0 = Release|Any CPU
		{0983C5EA-163E-4B14-86A7-BD154861FBA7}.Release|x64.ActiveCfg = Release|Any CPU
		{0983C5EA-163E-4B14-86A7-BD154861FBA7}.Release|x64.Build.0 = Release|Any CPU
		{0983C5EA-163E-4B14-86A7-BD154861FBA7}.Release|x86.ActiveCfg = Release|Any CPU
		{0983C5EA-163E-4B14-86A7-BD154861FBA7}.Release|x86.Build.0 = Release|Any CPU
		{3398D68F-DCE3-4B8A-BD93-F4C99944653C}.Ad-Hoc|Any CPU.ActiveCfg = Release|x86
		{3398D68F-DCE3-4B8A-BD93-F4C99944653C}.Ad-Hoc|Any CPU.Build.0 = Release|x86
		{3398D68F-DCE3-4B8A-BD93-F4C99944653C}.Ad-Hoc|Any CPU.Deploy.0 = Release|x86
		{3398D68F-DCE3-4B8A-BD93-F4C99944653C}.Ad-Hoc|ARM.ActiveCfg = Release|ARM
		{3398D68F-DCE3-4B8A-BD93-F4C99944653C}.Ad-Hoc|ARM.Build.0 = Release|ARM
		{3398D68F-DCE3-4B8A-BD93-F4C99944653C}.Ad-Hoc|ARM.Deploy.0 = Release|ARM
		{3398D68F-DCE3-4B8A-BD93-F4C99944653C}.Ad-Hoc|iPhone.ActiveCfg = Release|x86
		{3398D68F-DCE3-4B8A-BD93-F4C99944653C}.Ad-Hoc|iPhone.Build.0 = Release|x86
		{3398D68F-DCE3-4B8A-BD93-F4C99944653C}.Ad-Hoc|iPhone.Deploy.0 = Release|x86
		{3398D68F-DCE3-4B8A-BD93-F4C99944653C}.Ad-Hoc|iPhoneSimulator.ActiveCfg = Release|x86
		{3398D68F-DCE3-4B8A-BD93-F4C99944653C}.Ad-Hoc|iPhoneSimulator.Build.0 = Release|x86
		{3398D68F-DCE3-4B8A-BD93-F4C99944653C}.Ad-Hoc|iPhoneSimulator.Deploy.0 = Release|x86
		{3398D68F-DCE3-4B8A-BD93-F4C99944653C}.Ad-Hoc|x64.ActiveCfg = Release|x64
		{3398D68F-DCE3-4B8A-BD93-F4C99944653C}.Ad-Hoc|x64.Build.0 = Release|x64
		{3398D68F-DCE3-4B8A-BD93-F4C99944653C}.Ad-Hoc|x64.Deploy.0 = Release|x64
		{3398D68F-DCE3-4B8A-BD93-F4C99944653C}.Ad-Hoc|x86.ActiveCfg = Release|x86
		{3398D68F-DCE3-4B8A-BD93-F4C99944653C}.Ad-Hoc|x86.Build.0 = Release|x86
		{3398D68F-DCE3-4B8A-BD93-F4C99944653C}.Ad-Hoc|x86.Deploy.0 = Release|x86
		{3398D68F-DCE3-4B8A-BD93-F4C99944653C}.AppStore|Any CPU.ActiveCfg = Release|x86
		{3398D68F-DCE3-4B8A-BD93-F4C99944653C}.AppStore|Any CPU.Build.0 = Release|x86
		{3398D68F-DCE3-4B8A-BD93-F4C99944653C}.AppStore|Any CPU.Deploy.0 = Release|x86
		{3398D68F-DCE3-4B8A-BD93-F4C99944653C}.AppStore|ARM.ActiveCfg = Release|ARM
		{3398D68F-DCE3-4B8A-BD93-F4C99944653C}.AppStore|ARM.Build.0 = Release|ARM
		{3398D68F-DCE3-4B8A-BD93-F4C99944653C}.AppStore|ARM.Deploy.0 = Release|ARM
		{3398D68F-DCE3-4B8A-BD93-F4C99944653C}.AppStore|iPhone.ActiveCfg = Release|x86
		{3398D68F-DCE3-4B8A-BD93-F4C99944653C}.AppStore|iPhone.Build.0 = Release|x86
		{3398D68F-DCE3-4B8A-BD93-F4C99944653C}.AppStore|iPhone.Deploy.0 = Release|x86
		{3398D68F-DCE3-4B8A-BD93-F4C99944653C}.AppStore|iPhoneSimulator.ActiveCfg = Release|x86
		{3398D68F-DCE3-4B8A-BD93-F4C99944653C}.AppStore|iPhoneSimulator.Build.0 = Release|x86
		{3398D68F-DCE3-4B8A-BD93-F4C99944653C}.AppStore|iPhoneSimulator.Deploy.0 = Release|x86
		{3398D68F-DCE3-4B8A-BD93-F4C99944653C}.AppStore|x64.ActiveCfg = Release|x64
		{3398D68F-DCE3-4B8A-BD93-F4C99944653C}.AppStore|x64.Build.0 = Release|x64
		{3398D68F-DCE3-4B8A-BD93-F4C99944653C}.AppStore|x64.Deploy.0 = Release|x64
		{3398D68F-DCE3-4B8A-BD93-F4C99944653C}.AppStore|x86.ActiveCfg = Release|x86
		{3398D68F-DCE3-4B8A-BD93-F4C99944653C}.AppStore|x86.Build.0 = Release|x86
		{3398D68F-DCE3-4B8A-BD93-F4C99944653C}.AppStore|x86.Deploy.0 = Release|x86
		{3398D68F-DCE3-4B8A-BD93-F4C99944653C}.Debug|Any CPU.ActiveCfg = Debug|x86
		{3398D68F-DCE3-4B8A-BD93-F4C99944653C}.Debug|ARM.ActiveCfg = Debug|ARM
		{3398D68F-DCE3-4B8A-BD93-F4C99944653C}.Debug|ARM.Build.0 = Debug|ARM
		{3398D68F-DCE3-4B8A-BD93-F4C99944653C}.Debug|ARM.Deploy.0 = Debug|ARM
		{3398D68F-DCE3-4B8A-BD93-F4C99944653C}.Debug|iPhone.ActiveCfg = Debug|x86
		{3398D68F-DCE3-4B8A-BD93-F4C99944653C}.Debug|iPhoneSimulator.ActiveCfg = Debug|x86
		{3398D68F-DCE3-4B8A-BD93-F4C99944653C}.Debug|x64.ActiveCfg = Debug|x64
		{3398D68F-DCE3-4B8A-BD93-F4C99944653C}.Debug|x64.Build.0 = Debug|x64
		{3398D68F-DCE3-4B8A-BD93-F4C99944653C}.Debug|x64.Deploy.0 = Debug|x64
		{3398D68F-DCE3-4B8A-BD93-F4C99944653C}.Debug|x86.ActiveCfg = Debug|x86
		{3398D68F-DCE3-4B8A-BD93-F4C99944653C}.Debug|x86.Build.0 = Debug|x86
		{3398D68F-DCE3-4B8A-BD93-F4C99944653C}.Debug|x86.Deploy.0 = Debug|x86
		{3398D68F-DCE3-4B8A-BD93-F4C99944653C}.Release|Any CPU.ActiveCfg = Release|x86
		{3398D68F-DCE3-4B8A-BD93-F4C99944653C}.Release|ARM.ActiveCfg = Release|ARM
		{3398D68F-DCE3-4B8A-BD93-F4C99944653C}.Release|ARM.Build.0 = Release|ARM
		{3398D68F-DCE3-4B8A-BD93-F4C99944653C}.Release|ARM.Deploy.0 = Release|ARM
		{3398D68F-DCE3-4B8A-BD93-F4C99944653C}.Release|iPhone.ActiveCfg = Release|x86
		{3398D68F-DCE3-4B8A-BD93-F4C99944653C}.Release|iPhoneSimulator.ActiveCfg = Release|x86
		{3398D68F-DCE3-4B8A-BD93-F4C99944653C}.Release|x64.ActiveCfg = Release|x64
		{3398D68F-DCE3-4B8A-BD93-F4C99944653C}.Release|x64.Build.0 = Release|x64
		{3398D68F-DCE3-4B8A-BD93-F4C99944653C}.Release|x64.Deploy.0 = Release|x64
		{3398D68F-DCE3-4B8A-BD93-F4C99944653C}.Release|x86.ActiveCfg = Release|x86
		{3398D68F-DCE3-4B8A-BD93-F4C99944653C}.Release|x86.Build.0 = Release|x86
		{3398D68F-DCE3-4B8A-BD93-F4C99944653C}.Release|x86.Deploy.0 = Release|x86
		{1EC15F4F-26E7-4763-88AC-55BA4A3AF2E4}.Ad-Hoc|Any CPU.ActiveCfg = Debug|Any CPU
		{1EC15F4F-26E7-4763-88AC-55BA4A3AF2E4}.Ad-Hoc|Any CPU.Build.0 = Debug|Any CPU
		{1EC15F4F-26E7-4763-88AC-55BA4A3AF2E4}.Ad-Hoc|ARM.ActiveCfg = Debug|Any CPU
		{1EC15F4F-26E7-4763-88AC-55BA4A3AF2E4}.Ad-Hoc|ARM.Build.0 = Debug|Any CPU
		{1EC15F4F-26E7-4763-88AC-55BA4A3AF2E4}.Ad-Hoc|iPhone.ActiveCfg = Debug|Any CPU
		{1EC15F4F-26E7-4763-88AC-55BA4A3AF2E4}.Ad-Hoc|iPhone.Build.0 = Debug|Any CPU
		{1EC15F4F-26E7-4763-88AC-55BA4A3AF2E4}.Ad-Hoc|iPhoneSimulator.ActiveCfg = Debug|Any CPU
		{1EC15F4F-26E7-4763-88AC-55BA4A3AF2E4}.Ad-Hoc|iPhoneSimulator.Build.0 = Debug|Any CPU
		{1EC15F4F-26E7-4763-88AC-55BA4A3AF2E4}.Ad-Hoc|x64.ActiveCfg = Debug|Any CPU
		{1EC15F4F-26E7-4763-88AC-55BA4A3AF2E4}.Ad-Hoc|x64.Build.0 = Debug|Any CPU
		{1EC15F4F-26E7-4763-88AC-55BA4A3AF2E4}.Ad-Hoc|x86.ActiveCfg = Debug|Any CPU
		{1EC15F4F-26E7-4763-88AC-55BA4A3AF2E4}.Ad-Hoc|x86.Build.0 = Debug|Any CPU
		{1EC15F4F-26E7-4763-88AC-55BA4A3AF2E4}.AppStore|Any CPU.ActiveCfg = Debug|Any CPU
		{1EC15F4F-26E7-4763-88AC-55BA4A3AF2E4}.AppStore|Any CPU.Build.0 = Debug|Any CPU
		{1EC15F4F-26E7-4763-88AC-55BA4A3AF2E4}.AppStore|ARM.ActiveCfg = Debug|Any CPU
		{1EC15F4F-26E7-4763-88AC-55BA4A3AF2E4}.AppStore|ARM.Build.0 = Debug|Any CPU
		{1EC15F4F-26E7-4763-88AC-55BA4A3AF2E4}.AppStore|iPhone.ActiveCfg = Debug|Any CPU
		{1EC15F4F-26E7-4763-88AC-55BA4A3AF2E4}.AppStore|iPhone.Build.0 = Debug|Any CPU
		{1EC15F4F-26E7-4763-88AC-55BA4A3AF2E4}.AppStore|iPhoneSimulator.ActiveCfg = Debug|Any CPU
		{1EC15F4F-26E7-4763-88AC-55BA4A3AF2E4}.AppStore|iPhoneSimulator.Build.0 = Debug|Any CPU
		{1EC15F4F-26E7-4763-88AC-55BA4A3AF2E4}.AppStore|x64.ActiveCfg = Debug|Any CPU
		{1EC15F4F-26E7-4763-88AC-55BA4A3AF2E4}.AppStore|x64.Build.0 = Debug|Any CPU
		{1EC15F4F-26E7-4763-88AC-55BA4A3AF2E4}.AppStore|x86.ActiveCfg = Debug|Any CPU
		{1EC15F4F-26E7-4763-88AC-55BA4A3AF2E4}.AppStore|x86.Build.0 = Debug|Any CPU
		{1EC15F4F-26E7-4763-88AC-55BA4A3AF2E4}.Debug|Any CPU.ActiveCfg = Debug|Any CPU
		{1EC15F4F-26E7-4763-88AC-55BA4A3AF2E4}.Debug|Any CPU.Build.0 = Debug|Any CPU
		{1EC15F4F-26E7-4763-88AC-55BA4A3AF2E4}.Debug|ARM.ActiveCfg = Debug|Any CPU
		{1EC15F4F-26E7-4763-88AC-55BA4A3AF2E4}.Debug|ARM.Build.0 = Debug|Any CPU
		{1EC15F4F-26E7-4763-88AC-55BA4A3AF2E4}.Debug|iPhone.ActiveCfg = Debug|Any CPU
		{1EC15F4F-26E7-4763-88AC-55BA4A3AF2E4}.Debug|iPhone.Build.0 = Debug|Any CPU
		{1EC15F4F-26E7-4763-88AC-55BA4A3AF2E4}.Debug|iPhoneSimulator.ActiveCfg = Debug|Any CPU
		{1EC15F4F-26E7-4763-88AC-55BA4A3AF2E4}.Debug|iPhoneSimulator.Build.0 = Debug|Any CPU
		{1EC15F4F-26E7-4763-88AC-55BA4A3AF2E4}.Debug|x64.ActiveCfg = Debug|Any CPU
		{1EC15F4F-26E7-4763-88AC-55BA4A3AF2E4}.Debug|x64.Build.0 = Debug|Any CPU
		{1EC15F4F-26E7-4763-88AC-55BA4A3AF2E4}.Debug|x86.ActiveCfg = Debug|Any CPU
		{1EC15F4F-26E7-4763-88AC-55BA4A3AF2E4}.Debug|x86.Build.0 = Debug|Any CPU
		{1EC15F4F-26E7-4763-88AC-55BA4A3AF2E4}.Release|Any CPU.ActiveCfg = Release|Any CPU
		{1EC15F4F-26E7-4763-88AC-55BA4A3AF2E4}.Release|Any CPU.Build.0 = Release|Any CPU
		{1EC15F4F-26E7-4763-88AC-55BA4A3AF2E4}.Release|ARM.ActiveCfg = Release|Any CPU
		{1EC15F4F-26E7-4763-88AC-55BA4A3AF2E4}.Release|ARM.Build.0 = Release|Any CPU
		{1EC15F4F-26E7-4763-88AC-55BA4A3AF2E4}.Release|iPhone.ActiveCfg = Release|Any CPU
		{1EC15F4F-26E7-4763-88AC-55BA4A3AF2E4}.Release|iPhone.Build.0 = Release|Any CPU
		{1EC15F4F-26E7-4763-88AC-55BA4A3AF2E4}.Release|iPhoneSimulator.ActiveCfg = Release|Any CPU
		{1EC15F4F-26E7-4763-88AC-55BA4A3AF2E4}.Release|iPhoneSimulator.Build.0 = Release|Any CPU
		{1EC15F4F-26E7-4763-88AC-55BA4A3AF2E4}.Release|x64.ActiveCfg = Release|Any CPU
		{1EC15F4F-26E7-4763-88AC-55BA4A3AF2E4}.Release|x64.Build.0 = Release|Any CPU
		{1EC15F4F-26E7-4763-88AC-55BA4A3AF2E4}.Release|x86.ActiveCfg = Release|Any CPU
		{1EC15F4F-26E7-4763-88AC-55BA4A3AF2E4}.Release|x86.Build.0 = Release|Any CPU
		{9AF52774-24B2-445F-84C0-9846BCAD7246}.Ad-Hoc|Any CPU.ActiveCfg = Debug|Any CPU
		{9AF52774-24B2-445F-84C0-9846BCAD7246}.Ad-Hoc|Any CPU.Build.0 = Debug|Any CPU
		{9AF52774-24B2-445F-84C0-9846BCAD7246}.Ad-Hoc|ARM.ActiveCfg = Debug|Any CPU
		{9AF52774-24B2-445F-84C0-9846BCAD7246}.Ad-Hoc|ARM.Build.0 = Debug|Any CPU
		{9AF52774-24B2-445F-84C0-9846BCAD7246}.Ad-Hoc|iPhone.ActiveCfg = Debug|Any CPU
		{9AF52774-24B2-445F-84C0-9846BCAD7246}.Ad-Hoc|iPhone.Build.0 = Debug|Any CPU
		{9AF52774-24B2-445F-84C0-9846BCAD7246}.Ad-Hoc|iPhoneSimulator.ActiveCfg = Debug|Any CPU
		{9AF52774-24B2-445F-84C0-9846BCAD7246}.Ad-Hoc|iPhoneSimulator.Build.0 = Debug|Any CPU
		{9AF52774-24B2-445F-84C0-9846BCAD7246}.Ad-Hoc|x64.ActiveCfg = Debug|Any CPU
		{9AF52774-24B2-445F-84C0-9846BCAD7246}.Ad-Hoc|x64.Build.0 = Debug|Any CPU
		{9AF52774-24B2-445F-84C0-9846BCAD7246}.Ad-Hoc|x86.ActiveCfg = Debug|Any CPU
		{9AF52774-24B2-445F-84C0-9846BCAD7246}.Ad-Hoc|x86.Build.0 = Debug|Any CPU
		{9AF52774-24B2-445F-84C0-9846BCAD7246}.AppStore|Any CPU.ActiveCfg = Debug|Any CPU
		{9AF52774-24B2-445F-84C0-9846BCAD7246}.AppStore|Any CPU.Build.0 = Debug|Any CPU
		{9AF52774-24B2-445F-84C0-9846BCAD7246}.AppStore|ARM.ActiveCfg = Debug|Any CPU
		{9AF52774-24B2-445F-84C0-9846BCAD7246}.AppStore|ARM.Build.0 = Debug|Any CPU
		{9AF52774-24B2-445F-84C0-9846BCAD7246}.AppStore|iPhone.ActiveCfg = Debug|Any CPU
		{9AF52774-24B2-445F-84C0-9846BCAD7246}.AppStore|iPhone.Build.0 = Debug|Any CPU
		{9AF52774-24B2-445F-84C0-9846BCAD7246}.AppStore|iPhoneSimulator.ActiveCfg = Debug|Any CPU
		{9AF52774-24B2-445F-84C0-9846BCAD7246}.AppStore|iPhoneSimulator.Build.0 = Debug|Any CPU
		{9AF52774-24B2-445F-84C0-9846BCAD7246}.AppStore|x64.ActiveCfg = Debug|Any CPU
		{9AF52774-24B2-445F-84C0-9846BCAD7246}.AppStore|x64.Build.0 = Debug|Any CPU
		{9AF52774-24B2-445F-84C0-9846BCAD7246}.AppStore|x86.ActiveCfg = Debug|Any CPU
		{9AF52774-24B2-445F-84C0-9846BCAD7246}.AppStore|x86.Build.0 = Debug|Any CPU
		{9AF52774-24B2-445F-84C0-9846BCAD7246}.Debug|Any CPU.ActiveCfg = Debug|Any CPU
		{9AF52774-24B2-445F-84C0-9846BCAD7246}.Debug|Any CPU.Build.0 = Debug|Any CPU
		{9AF52774-24B2-445F-84C0-9846BCAD7246}.Debug|ARM.ActiveCfg = Debug|Any CPU
		{9AF52774-24B2-445F-84C0-9846BCAD7246}.Debug|ARM.Build.0 = Debug|Any CPU
		{9AF52774-24B2-445F-84C0-9846BCAD7246}.Debug|iPhone.ActiveCfg = Debug|Any CPU
		{9AF52774-24B2-445F-84C0-9846BCAD7246}.Debug|iPhone.Build.0 = Debug|Any CPU
		{9AF52774-24B2-445F-84C0-9846BCAD7246}.Debug|iPhoneSimulator.ActiveCfg = Debug|Any CPU
		{9AF52774-24B2-445F-84C0-9846BCAD7246}.Debug|iPhoneSimulator.Build.0 = Debug|Any CPU
		{9AF52774-24B2-445F-84C0-9846BCAD7246}.Debug|x64.ActiveCfg = Debug|Any CPU
		{9AF52774-24B2-445F-84C0-9846BCAD7246}.Debug|x64.Build.0 = Debug|Any CPU
		{9AF52774-24B2-445F-84C0-9846BCAD7246}.Debug|x86.ActiveCfg = Debug|Any CPU
		{9AF52774-24B2-445F-84C0-9846BCAD7246}.Debug|x86.Build.0 = Debug|Any CPU
		{9AF52774-24B2-445F-84C0-9846BCAD7246}.Release|Any CPU.ActiveCfg = Release|Any CPU
		{9AF52774-24B2-445F-84C0-9846BCAD7246}.Release|Any CPU.Build.0 = Release|Any CPU
		{9AF52774-24B2-445F-84C0-9846BCAD7246}.Release|ARM.ActiveCfg = Release|Any CPU
		{9AF52774-24B2-445F-84C0-9846BCAD7246}.Release|ARM.Build.0 = Release|Any CPU
		{9AF52774-24B2-445F-84C0-9846BCAD7246}.Release|iPhone.ActiveCfg = Release|Any CPU
		{9AF52774-24B2-445F-84C0-9846BCAD7246}.Release|iPhone.Build.0 = Release|Any CPU
		{9AF52774-24B2-445F-84C0-9846BCAD7246}.Release|iPhoneSimulator.ActiveCfg = Release|Any CPU
		{9AF52774-24B2-445F-84C0-9846BCAD7246}.Release|iPhoneSimulator.Build.0 = Release|Any CPU
		{9AF52774-24B2-445F-84C0-9846BCAD7246}.Release|x64.ActiveCfg = Release|Any CPU
		{9AF52774-24B2-445F-84C0-9846BCAD7246}.Release|x64.Build.0 = Release|Any CPU
		{9AF52774-24B2-445F-84C0-9846BCAD7246}.Release|x86.ActiveCfg = Release|Any CPU
		{9AF52774-24B2-445F-84C0-9846BCAD7246}.Release|x86.Build.0 = Release|Any CPU
	EndGlobalSection
	GlobalSection(SolutionProperties) = preSolution
		HideSolutionNode = FALSE
	EndGlobalSection
	GlobalSection(ExtensibilityGlobals) = postSolution
		SolutionGuid = {4A3C496D-F92B-480B-ADD8-B82B5F470D76}
	EndGlobalSection
EndGlobal
